
Microsoft Visual Studio Solution File, Format Version 12.00
# Visual Studio 15
VisualStudioVersion = 15.0.28307.168
MinimumVisualStudioVersion = 10.0.40219.1
Project("{FAE04EC0-301F-11D3-BF4B-00C04F79EFBC}") = "EstruturaMVC", "EstruturaMVC\EstruturaMVC.csproj", "{98DAAFF5-38D0-4A26-A19C-310A7D32F5A6}"
EndProject
Global
	GlobalSection(SolutionConfigurationPlatforms) = preSolution
		Debug|Any CPU = Debug|Any CPU
		Release|Any CPU = Release|Any CPU
	EndGlobalSection
	GlobalSection(ProjectConfigurationPlatforms) = postSolution
		{98DAAFF5-38D0-4A26-A19C-310A7D32F5A6}.Debug|Any CPU.ActiveCfg = Debug|Any CPU
		{98DAAFF5-38D0-4A26-A19C-310A7D32F5A6}.Debug|Any CPU.Build.0 = Debug|Any CPU
		{98DAAFF5-38D0-4A26-A19C-310A7D32F5A6}.Release|Any CPU.ActiveCfg = Release|Any CPU
		{98DAAFF5-38D0-4A26-A19C-310A7D32F5A6}.Release|Any CPU.Build.0 = Release|Any CPU
	EndGlobalSection
	GlobalSection(SolutionProperties) = preSolution
		HideSolutionNode = FALSE
	EndGlobalSection
	GlobalSection(ExtensibilityGlobals) = postSolution
		SolutionGuid = {F1FF0966-929A-4C3D-AEF9-AA225B108CD4}
	EndGlobalSection
EndGlobal
